// !$*UTF8*$!
{
	archiveVersion = 1;
	classes = {
	};
	objectVersion = 46;
	objects = {

/* Begin PBXBuildFile section */
		261AB18D1A110E1D00BA9F55 /* AppDelegate.swift in Sources */ = {isa = PBXBuildFile; fileRef = 261AB18C1A110E1D00BA9F55 /* AppDelegate.swift */; };
		261AB18F1A110E1D00BA9F55 /* MasterViewController.swift in Sources */ = {isa = PBXBuildFile; fileRef = 261AB18E1A110E1D00BA9F55 /* MasterViewController.swift */; };
		261AB1911A110E1D00BA9F55 /* DetailViewController.swift in Sources */ = {isa = PBXBuildFile; fileRef = 261AB1901A110E1D00BA9F55 /* DetailViewController.swift */; };
		261AB1941A110E1D00BA9F55 /* Main.storyboard in Resources */ = {isa = PBXBuildFile; fileRef = 261AB1921A110E1D00BA9F55 /* Main.storyboard */; };
		261AB1961A110E1D00BA9F55 /* Images.xcassets in Resources */ = {isa = PBXBuildFile; fileRef = 261AB1951A110E1D00BA9F55 /* Images.xcassets */; };
		261AB1991A110E1D00BA9F55 /* LaunchScreen.xib in Resources */ = {isa = PBXBuildFile; fileRef = 261AB1971A110E1D00BA9F55 /* LaunchScreen.xib */; };
		261AB1A51A110E1D00BA9F55 /* Scripture_MapsTests.swift in Sources */ = {isa = PBXBuildFile; fileRef = 261AB1A41A110E1D00BA9F55 /* Scripture_MapsTests.swift */; };
		261AB1C11A1111CB00BA9F55 /* geo.20.db in Resources */ = {isa = PBXBuildFile; fileRef = 261AB1AE1A11100200BA9F55 /* geo.20.db */; };
		261AB1C41A11124700BA9F55 /* SQLite.framework in Frameworks */ = {isa = PBXBuildFile; fileRef = 261AB1BA1A11116500BA9F55 /* SQLite.framework */; };
		261AB1C61A11125000BA9F55 /* MapKit.framework in Frameworks */ = {isa = PBXBuildFile; fileRef = 261AB1C51A11125000BA9F55 /* MapKit.framework */; };
		261AB1C81A1112C900BA9F55 /* SQLite.framework in CopyFiles */ = {isa = PBXBuildFile; fileRef = 261AB1BA1A11116500BA9F55 /* SQLite.framework */; settings = {ATTRIBUTES = (CodeSignOnCopy, RemoveHeadersOnCopy, ); }; };
		261AB1CA1A1113F200BA9F55 /* GeoDatabase.swift in Sources */ = {isa = PBXBuildFile; fileRef = 261AB1C91A1113F200BA9F55 /* GeoDatabase.swift */; };
		261AB1CC1A11156C00BA9F55 /* Book.swift in Sources */ = {isa = PBXBuildFile; fileRef = 261AB1CB1A11156C00BA9F55 /* Book.swift */; };
/* End PBXBuildFile section */

/* Begin PBXContainerItemProxy section */
		261AB19F1A110E1D00BA9F55 /* PBXContainerItemProxy */ = {
			isa = PBXContainerItemProxy;
			containerPortal = 261AB17F1A110E1D00BA9F55 /* Project object */;
			proxyType = 1;
			remoteGlobalIDString = 261AB1861A110E1D00BA9F55;
			remoteInfo = "Scripture Maps";
		};
		261AB1B91A11116500BA9F55 /* PBXContainerItemProxy */ = {
			isa = PBXContainerItemProxy;
			containerPortal = 261AB1B21A11116500BA9F55 /* SQLite.xcodeproj */;
			proxyType = 2;
			remoteGlobalIDString = DC3773F319C8CBB3004FCF85;
			remoteInfo = "SQLite iOS";
		};
		261AB1BB1A11116500BA9F55 /* PBXContainerItemProxy */ = {
			isa = PBXContainerItemProxy;
			containerPortal = 261AB1B21A11116500BA9F55 /* SQLite.xcodeproj */;
			proxyType = 2;
			remoteGlobalIDString = DC3773FE19C8CBB3004FCF85;
			remoteInfo = "SQLite iOS Tests";
		};
		261AB1BD1A11116500BA9F55 /* PBXContainerItemProxy */ = {
			isa = PBXContainerItemProxy;
			containerPortal = 261AB1B21A11116500BA9F55 /* SQLite.xcodeproj */;
			proxyType = 2;
			remoteGlobalIDString = DC37741419C8CC2F004FCF85;
			remoteInfo = "SQLite Mac";
		};
		261AB1BF1A11116500BA9F55 /* PBXContainerItemProxy */ = {
			isa = PBXContainerItemProxy;
			containerPortal = 261AB1B21A11116500BA9F55 /* SQLite.xcodeproj */;
			proxyType = 2;
			remoteGlobalIDString = DC37741E19C8CC2F004FCF85;
			remoteInfo = "SQLite Mac Tests";
		};
		261AB1C21A1111D900BA9F55 /* PBXContainerItemProxy */ = {
			isa = PBXContainerItemProxy;
			containerPortal = 261AB1B21A11116500BA9F55 /* SQLite.xcodeproj */;
			proxyType = 1;
			remoteGlobalIDString = DC3773F219C8CBB3004FCF85;
			remoteInfo = "SQLite iOS";
		};
/* End PBXContainerItemProxy section */

/* Begin PBXCopyFilesBuildPhase section */
		261AB1C71A1112A100BA9F55 /* CopyFiles */ = {
			isa = PBXCopyFilesBuildPhase;
			buildActionMask = 2147483647;
			dstPath = "";
			dstSubfolderSpec = 10;
			files = (
				261AB1C81A1112C900BA9F55 /* SQLite.framework in CopyFiles */,
			);
			runOnlyForDeploymentPostprocessing = 0;
		};
/* End PBXCopyFilesBuildPhase section */

/* Begin PBXFileReference section */
		261AB1871A110E1D00BA9F55 /* Scripture Maps.app */ = {isa = PBXFileReference; explicitFileType = wrapper.application; includeInIndex = 0; path = "Scripture Maps.app"; sourceTree = BUILT_PRODUCTS_DIR; };
		261AB18B1A110E1D00BA9F55 /* Info.plist */ = {isa = PBXFileReference; lastKnownFileType = text.plist.xml; path = Info.plist; sourceTree = "<group>"; };
		261AB18C1A110E1D00BA9F55 /* AppDelegate.swift */ = {isa = PBXFileReference; lastKnownFileType = sourcecode.swift; path = AppDelegate.swift; sourceTree = "<group>"; };
		261AB18E1A110E1D00BA9F55 /* MasterViewController.swift */ = {isa = PBXFileReference; lastKnownFileType = sourcecode.swift; path = MasterViewController.swift; sourceTree = "<group>"; };
		261AB1901A110E1D00BA9F55 /* DetailViewController.swift */ = {isa = PBXFileReference; lastKnownFileType = sourcecode.swift; path = DetailViewController.swift; sourceTree = "<group>"; };
		261AB1931A110E1D00BA9F55 /* Base */ = {isa = PBXFileReference; lastKnownFileType = file.storyboard; name = Base; path = Base.lproj/Main.storyboard; sourceTree = "<group>"; };
		261AB1951A110E1D00BA9F55 /* Images.xcassets */ = {isa = PBXFileReference; lastKnownFileType = folder.assetcatalog; path = Images.xcassets; sourceTree = "<group>"; };
		261AB1981A110E1D00BA9F55 /* Base */ = {isa = PBXFileReference; lastKnownFileType = file.xib; name = Base; path = Base.lproj/LaunchScreen.xib; sourceTree = "<group>"; };
		261AB19E1A110E1D00BA9F55 /* Scripture MapsTests.xctest */ = {isa = PBXFileReference; explicitFileType = wrapper.cfbundle; includeInIndex = 0; path = "Scripture MapsTests.xctest"; sourceTree = BUILT_PRODUCTS_DIR; };
		261AB1A31A110E1D00BA9F55 /* Info.plist */ = {isa = PBXFileReference; lastKnownFileType = text.plist.xml; path = Info.plist; sourceTree = "<group>"; };
		261AB1A41A110E1D00BA9F55 /* Scripture_MapsTests.swift */ = {isa = PBXFileReference; lastKnownFileType = sourcecode.swift; path = Scripture_MapsTests.swift; sourceTree = "<group>"; };
		261AB1AE1A11100200BA9F55 /* geo.20.db */ = {isa = PBXFileReference; lastKnownFileType = file; path = geo.20.db; sourceTree = "<group>"; };
		261AB1B21A11116500BA9F55 /* SQLite.xcodeproj */ = {isa = PBXFileReference; lastKnownFileType = "wrapper.pb-project"; name = SQLite.xcodeproj; path = "../../iOS Demo/SQLite.swift-master/SQLite.xcodeproj"; sourceTree = "<group>"; };
		261AB1C51A11125000BA9F55 /* MapKit.framework */ = {isa = PBXFileReference; lastKnownFileType = wrapper.framework; name = MapKit.framework; path = System/Library/Frameworks/MapKit.framework; sourceTree = SDKROOT; };
		261AB1C91A1113F200BA9F55 /* GeoDatabase.swift */ = {isa = PBXFileReference; fileEncoding = 4; lastKnownFileType = sourcecode.swift; path = GeoDatabase.swift; sourceTree = "<group>"; };
		261AB1CB1A11156C00BA9F55 /* Book.swift */ = {isa = PBXFileReference; fileEncoding = 4; lastKnownFileType = sourcecode.swift; path = Book.swift; sourceTree = "<group>"; };
/* End PBXFileReference section */

/* Begin PBXFrameworksBuildPhase section */
		261AB1841A110E1D00BA9F55 /* Frameworks */ = {
			isa = PBXFrameworksBuildPhase;
			buildActionMask = 2147483647;
			files = (
				261AB1C61A11125000BA9F55 /* MapKit.framework in Frameworks */,
				261AB1C41A11124700BA9F55 /* SQLite.framework in Frameworks */,
			);
			runOnlyForDeploymentPostprocessing = 0;
		};
		261AB19B1A110E1D00BA9F55 /* Frameworks */ = {
			isa = PBXFrameworksBuildPhase;
			buildActionMask = 2147483647;
			files = (
			);
			runOnlyForDeploymentPostprocessing = 0;
		};
/* End PBXFrameworksBuildPhase section */

/* Begin PBXGroup section */
		261AB17E1A110E1D00BA9F55 = {
			isa = PBXGroup;
			children = (
				261AB1C51A11125000BA9F55 /* MapKit.framework */,
				261AB1891A110E1D00BA9F55 /* Scripture Maps */,
				261AB1A11A110E1D00BA9F55 /* Scripture MapsTests */,
				261AB1881A110E1D00BA9F55 /* Products */,
				261AB1B21A11116500BA9F55 /* SQLite.xcodeproj */,
			);
			sourceTree = "<group>";
		};
		261AB1881A110E1D00BA9F55 /* Products */ = {
			isa = PBXGroup;
			children = (
				261AB1871A110E1D00BA9F55 /* Scripture Maps.app */,
				261AB19E1A110E1D00BA9F55 /* Scripture MapsTests.xctest */,
			);
			name = Products;
			sourceTree = "<group>";
		};
		261AB1891A110E1D00BA9F55 /* Scripture Maps */ = {
			isa = PBXGroup;
			children = (
				261AB1AF1A11106000BA9F55 /* Model */,
				261AB1B01A11107400BA9F55 /* View */,
				261AB1B11A11107F00BA9F55 /* Controller */,
				261AB1951A110E1D00BA9F55 /* Images.xcassets */,
				261AB18A1A110E1D00BA9F55 /* Supporting Files */,
			);
			path = "Scripture Maps";
			sourceTree = "<group>";
		};
		261AB18A1A110E1D00BA9F55 /* Supporting Files */ = {
			isa = PBXGroup;
			children = (
				261AB18B1A110E1D00BA9F55 /* Info.plist */,
			);
			name = "Supporting Files";
			sourceTree = "<group>";
		};
		261AB1A11A110E1D00BA9F55 /* Scripture MapsTests */ = {
			isa = PBXGroup;
			children = (
				261AB1A41A110E1D00BA9F55 /* Scripture_MapsTests.swift */,
				261AB1A21A110E1D00BA9F55 /* Supporting Files */,
			);
			path = "Scripture MapsTests";
			sourceTree = "<group>";
		};
		261AB1A21A110E1D00BA9F55 /* Supporting Files */ = {
			isa = PBXGroup;
			children = (
				261AB1A31A110E1D00BA9F55 /* Info.plist */,
			);
			name = "Supporting Files";
			sourceTree = "<group>";
		};
		261AB1AF1A11106000BA9F55 /* Model */ = {
			isa = PBXGroup;
			children = (
				261AB1AE1A11100200BA9F55 /* geo.20.db */,
				261AB1C91A1113F200BA9F55 /* GeoDatabase.swift */,
				261AB1CB1A11156C00BA9F55 /* Book.swift */,
			);
			name = Model;
			path = ..;
			sourceTree = "<group>";
		};
		261AB1B01A11107400BA9F55 /* View */ = {
			isa = PBXGroup;
			children = (
				261AB1921A110E1D00BA9F55 /* Main.storyboard */,
				261AB1971A110E1D00BA9F55 /* LaunchScreen.xib */,
			);
			name = View;
			sourceTree = "<group>";
		};
		261AB1B11A11107F00BA9F55 /* Controller */ = {
			isa = PBXGroup;
			children = (
				261AB18E1A110E1D00BA9F55 /* MasterViewController.swift */,
				261AB18C1A110E1D00BA9F55 /* AppDelegate.swift */,
				261AB1901A110E1D00BA9F55 /* DetailViewController.swift */,
			);
			name = Controller;
			sourceTree = "<group>";
		};
		261AB1B31A11116500BA9F55 /* Products */ = {
			isa = PBXGroup;
			children = (
				261AB1BA1A11116500BA9F55 /* SQLite.framework */,
				261AB1BC1A11116500BA9F55 /* SQLite iOS Tests.xctest */,
				261AB1BE1A11116500BA9F55 /* SQLite.framework */,
				261AB1C01A11116500BA9F55 /* SQLite Mac Tests.xctest */,
			);
			name = Products;
			sourceTree = "<group>";
		};
/* End PBXGroup section */

/* Begin PBXNativeTarget section */
		261AB1861A110E1D00BA9F55 /* Scripture Maps */ = {
			isa = PBXNativeTarget;
			buildConfigurationList = 261AB1A81A110E1D00BA9F55 /* Build configuration list for PBXNativeTarget "Scripture Maps" */;
			buildPhases = (
				261AB1831A110E1D00BA9F55 /* Sources */,
				261AB1841A110E1D00BA9F55 /* Frameworks */,
				261AB1851A110E1D00BA9F55 /* Resources */,
				261AB1C71A1112A100BA9F55 /* CopyFiles */,
			);
			buildRules = (
			);
			dependencies = (
				261AB1C31A1111D900BA9F55 /* PBXTargetDependency */,
			);
			name = "Scripture Maps";
			productName = "Scripture Maps";
			productReference = 261AB1871A110E1D00BA9F55 /* Scripture Maps.app */;
			productType = "com.apple.product-type.application";
		};
		261AB19D1A110E1D00BA9F55 /* Scripture MapsTests */ = {
			isa = PBXNativeTarget;
			buildConfigurationList = 261AB1AB1A110E1D00BA9F55 /* Build configuration list for PBXNativeTarget "Scripture MapsTests" */;
			buildPhases = (
				261AB19A1A110E1D00BA9F55 /* Sources */,
				261AB19B1A110E1D00BA9F55 /* Frameworks */,
				261AB19C1A110E1D00BA9F55 /* Resources */,
			);
			buildRules = (
			);
			dependencies = (
				261AB1A01A110E1D00BA9F55 /* PBXTargetDependency */,
			);
			name = "Scripture MapsTests";
			productName = "Scripture MapsTests";
			productReference = 261AB19E1A110E1D00BA9F55 /* Scripture MapsTests.xctest */;
			productType = "com.apple.product-type.bundle.unit-test";
		};
/* End PBXNativeTarget section */

/* Begin PBXProject section */
		261AB17F1A110E1D00BA9F55 /* Project object */ = {
			isa = PBXProject;
			attributes = {
				LastUpgradeCheck = 0610;
				ORGANIZATIONNAME = "Michael Helvey";
				TargetAttributes = {
					261AB1861A110E1D00BA9F55 = {
						CreatedOnToolsVersion = 6.1;
					};
					261AB19D1A110E1D00BA9F55 = {
						CreatedOnToolsVersion = 6.1;
						TestTargetID = 261AB1861A110E1D00BA9F55;
					};
				};
			};
			buildConfigurationList = 261AB1821A110E1D00BA9F55 /* Build configuration list for PBXProject "Scripture Maps" */;
			compatibilityVersion = "Xcode 3.2";
			developmentRegion = English;
			hasScannedForEncodings = 0;
			knownRegions = (
				en,
				Base,
			);
			mainGroup = 261AB17E1A110E1D00BA9F55;
			productRefGroup = 261AB1881A110E1D00BA9F55 /* Products */;
			projectDirPath = "";
			projectReferences = (
				{
					ProductGroup = 261AB1B31A11116500BA9F55 /* Products */;
					ProjectRef = 261AB1B21A11116500BA9F55 /* SQLite.xcodeproj */;
				},
			);
			projectRoot = "";
			targets = (
				261AB1861A110E1D00BA9F55 /* Scripture Maps */,
				261AB19D1A110E1D00BA9F55 /* Scripture MapsTests */,
			);
		};
/* End PBXProject section */

/* Begin PBXReferenceProxy section */
		261AB1BA1A11116500BA9F55 /* SQLite.framework */ = {
			isa = PBXReferenceProxy;
			fileType = wrapper.framework;
			path = SQLite.framework;
			remoteRef = 261AB1B91A11116500BA9F55 /* PBXContainerItemProxy */;
			sourceTree = BUILT_PRODUCTS_DIR;
		};
		261AB1BC1A11116500BA9F55 /* SQLite iOS Tests.xctest */ = {
			isa = PBXReferenceProxy;
			fileType = wrapper.cfbundle;
			path = "SQLite iOS Tests.xctest";
			remoteRef = 261AB1BB1A11116500BA9F55 /* PBXContainerItemProxy */;
			sourceTree = BUILT_PRODUCTS_DIR;
		};
		261AB1BE1A11116500BA9F55 /* SQLite.framework */ = {
			isa = PBXReferenceProxy;
			fileType = wrapper.framework;
			path = SQLite.framework;
			remoteRef = 261AB1BD1A11116500BA9F55 /* PBXContainerItemProxy */;
			sourceTree = BUILT_PRODUCTS_DIR;
		};
		261AB1C01A11116500BA9F55 /* SQLite Mac Tests.xctest */ = {
			isa = PBXReferenceProxy;
			fileType = wrapper.cfbundle;
			path = "SQLite Mac Tests.xctest";
			remoteRef = 261AB1BF1A11116500BA9F55 /* PBXContainerItemProxy */;
			sourceTree = BUILT_PRODUCTS_DIR;
		};
/* End PBXReferenceProxy section */

/* Begin PBXResourcesBuildPhase section */
		261AB1851A110E1D00BA9F55 /* Resources */ = {
			isa = PBXResourcesBuildPhase;
			buildActionMask = 2147483647;
			files = (
				261AB1C11A1111CB00BA9F55 /* geo.20.db in Resources */,
				261AB1941A110E1D00BA9F55 /* Main.storyboard in Resources */,
				261AB1991A110E1D00BA9F55 /* LaunchScreen.xib in Resources */,
				261AB1961A110E1D00BA9F55 /* Images.xcassets in Resources */,
			);
			runOnlyForDeploymentPostprocessing = 0;
		};
		261AB19C1A110E1D00BA9F55 /* Resources */ = {
			isa = PBXResourcesBuildPhase;
			buildActionMask = 2147483647;
			files = (
			);
			runOnlyForDeploymentPostprocessing = 0;
		};
/* End PBXResourcesBuildPhase section */

/* Begin PBXSourcesBuildPhase section */
		261AB1831A110E1D00BA9F55 /* Sources */ = {
			isa = PBXSourcesBuildPhase;
			buildActionMask = 2147483647;
			files = (
				261AB1CA1A1113F200BA9F55 /* GeoDatabase.swift in Sources */,
				261AB1911A110E1D00BA9F55 /* DetailViewController.swift in Sources */,
				261AB18F1A110E1D00BA9F55 /* MasterViewController.swift in Sources */,
				261AB1CC1A11156C00BA9F55 /* Book.swift in Sources */,
				261AB18D1A110E1D00BA9F55 /* AppDelegate.swift in Sources */,
			);
			runOnlyForDeploymentPostprocessing = 0;
		};
		261AB19A1A110E1D00BA9F55 /* Sources */ = {
			isa = PBXSourcesBuildPhase;
			buildActionMask = 2147483647;
			files = (
				261AB1A51A110E1D00BA9F55 /* Scripture_MapsTests.swift in Sources */,
			);
			runOnlyForDeploymentPostprocessing = 0;
		};
/* End PBXSourcesBuildPhase section */

/* Begin PBXTargetDependency section */
		261AB1A01A110E1D00BA9F55 /* PBXTargetDependency */ = {
			isa = PBXTargetDependency;
			target = 261AB1861A110E1D00BA9F55 /* Scripture Maps */;
			targetProxy = 261AB19F1A110E1D00BA9F55 /* PBXContainerItemProxy */;
		};
		261AB1C31A1111D900BA9F55 /* PBXTargetDependency */ = {
			isa = PBXTargetDependency;
			name = "SQLite iOS";
			targetProxy = 261AB1C21A1111D900BA9F55 /* PBXContainerItemProxy */;
		};
/* End PBXTargetDependency section */

/* Begin PBXVariantGroup section */
		261AB1921A110E1D00BA9F55 /* Main.storyboard */ = {
			isa = PBXVariantGroup;
			children = (
				261AB1931A110E1D00BA9F55 /* Base */,
			);
			name = Main.storyboard;
			sourceTree = "<group>";
		};
		261AB1971A110E1D00BA9F55 /* LaunchScreen.xib */ = {
			isa = PBXVariantGroup;
			children = (
				261AB1981A110E1D00BA9F55 /* Base */,
			);
			name = LaunchScreen.xib;
			sourceTree = "<group>";
		};
/* End PBXVariantGroup section */

/* Begin XCBuildConfiguration section */
		261AB1A61A110E1D00BA9F55 /* Debug */ = {
			isa = XCBuildConfiguration;
			buildSettings = {
				ALWAYS_SEARCH_USER_PATHS = NO;
				CLANG_CXX_LANGUAGE_STANDARD = "gnu++0x";
				CLANG_CXX_LIBRARY = "libc++";
				CLANG_ENABLE_MODULES = YES;
				CLANG_ENABLE_OBJC_ARC = YES;
				CLANG_WARN_BOOL_CONVERSION = YES;
				CLANG_WARN_CONSTANT_CONVERSION = YES;
				CLANG_WARN_DIRECT_OBJC_ISA_USAGE = YES_ERROR;
				CLANG_WARN_EMPTY_BODY = YES;
				CLANG_WARN_ENUM_CONVERSION = YES;
				CLANG_WARN_INT_CONVERSION = YES;
				CLANG_WARN_OBJC_ROOT_CLASS = YES_ERROR;
				CLANG_WARN_UNREACHABLE_CODE = YES;
				CLANG_WARN__DUPLICATE_METHOD_MATCH = YES;
				"CODE_SIGN_IDENTITY[sdk=iphoneos*]" = "iPhone Developer";
				COPY_PHASE_STRIP = NO;
				ENABLE_STRICT_OBJC_MSGSEND = YES;
				GCC_C_LANGUAGE_STANDARD = gnu99;
				GCC_DYNAMIC_NO_PIC = NO;
				GCC_OPTIMIZATION_LEVEL = 0;
				GCC_PREPROCESSOR_DEFINITIONS = (
					"DEBUG=1",
					"$(inherited)",
				);
				GCC_SYMBOLS_PRIVATE_EXTERN = NO;
				GCC_WARN_64_TO_32_BIT_CONVERSION = YES;
				GCC_WARN_ABOUT_RETURN_TYPE = YES_ERROR;
				GCC_WARN_UNDECLARED_SELECTOR = YES;
				GCC_WARN_UNINITIALIZED_AUTOS = YES_AGGRESSIVE;
				GCC_WARN_UNUSED_FUNCTION = YES;
				GCC_WARN_UNUSED_VARIABLE = YES;
				IPHONEOS_DEPLOYMENT_TARGET = 8.1;
				MTL_ENABLE_DEBUG_INFO = YES;
				ONLY_ACTIVE_ARCH = YES;
				SDKROOT = iphoneos;
				SWIFT_OPTIMIZATION_LEVEL = "-Onone";
				TARGETED_DEVICE_FAMILY = "1,2";
			};
			name = Debug;
		};
		261AB1A71A110E1D00BA9F55 /* Release */ = {
			isa = XCBuildConfiguration;
			buildSettings = {
				ALWAYS_SEARCH_USER_PATHS = NO;
				CLANG_CXX_LANGUAGE_STANDARD = "gnu++0x";
				CLANG_CXX_LIBRARY = "libc++";
				CLANG_ENABLE_MODULES = YES;
				CLANG_ENABLE_OBJC_ARC = YES;
				CLANG_WARN_BOOL_CONVERSION = YES;
				CLANG_WARN_CONSTANT_CONVERSION = YES;
				CLANG_WARN_DIRECT_OBJC_ISA_USAGE = YES_ERROR;
				CLANG_WARN_EMPTY_BODY = YES;
				CLANG_WARN_ENUM_CONVERSION = YES;
				CLANG_WARN_INT_CONVERSION = YES;
				CLANG_WARN_OBJC_ROOT_CLASS = YES_ERROR;
				CLANG_WARN_UNREACHABLE_CODE = YES;
				CLANG_WARN__DUPLICATE_METHOD_MATCH = YES;
				"CODE_SIGN_IDENTITY[sdk=iphoneos*]" = "iPhone Developer";
				COPY_PHASE_STRIP = YES;
				ENABLE_NS_ASSERTIONS = NO;
				ENABLE_STRICT_OBJC_MSGSEND = YES;
				GCC_C_LANGUAGE_STANDARD = gnu99;
				GCC_WARN_64_TO_32_BIT_CONVERSION = YES;
				GCC_WARN_ABOUT_RETURN_TYPE = YES_ERROR;
				GCC_WARN_UNDECLARED_SELECTOR = YES;
				GCC_WARN_UNINITIALIZED_AUTOS = YES_AGGRESSIVE;
				GCC_WARN_UNUSED_FUNCTION = YES;
				GCC_WARN_UNUSED_VARIABLE = YES;
				IPHONEOS_DEPLOYMENT_TARGET = 8.1;
				MTL_ENABLE_DEBUG_INFO = NO;
				SDKROOT = iphoneos;
				TARGETED_DEVICE_FAMILY = "1,2";
				VALIDATE_PRODUCT = YES;
			};
			name = Release;
		};
		261AB1A91A110E1D00BA9F55 /* Debug */ = {
			isa = XCBuildConfiguration;
			buildSettings = {
				ASSETCATALOG_COMPILER_APPICON_NAME = AppIcon;
				INFOPLIST_FILE = "Scripture Maps/Info.plist";
				LD_RUNPATH_SEARCH_PATHS = "$(inherited) @executable_path/Frameworks";
				PRODUCT_NAME = "$(TARGET_NAME)";
			};
			name = Debug;
		};
		261AB1AA1A110E1D00BA9F55 /* Release */ = {
			isa = XCBuildConfiguration;
			buildSettings = {
				ASSETCATALOG_COMPILER_APPICON_NAME = AppIcon;
				INFOPLIST_FILE = "Scripture Maps/Info.plist";
				LD_RUNPATH_SEARCH_PATHS = "$(inherited) @executable_path/Frameworks";
				PRODUCT_NAME = "$(TARGET_NAME)";
			};
			name = Release;
		};
		261AB1AC1A110E1D00BA9F55 /* Debug */ = {
			isa = XCBuildConfiguration;
			buildSettings = {
				BUNDLE_LOADER = "$(TEST_HOST)";
				FRAMEWORK_SEARCH_PATHS = (
					"$(SDKROOT)/Developer/Library/Frameworks",
					"$(inherited)",
				);
				GCC_PREPROCESSOR_DEFINITIONS = (
					"DEBUG=1",
					"$(inherited)",
				);
				INFOPLIST_FILE = "Scripture MapsTests/Info.plist";
				LD_RUNPATH_SEARCH_PATHS = "$(inherited) @executable_path/Frameworks @loader_path/Frameworks";
				PRODUCT_NAME = "$(TARGET_NAME)";
				TEST_HOST = "$(BUILT_PRODUCTS_DIR)/Scripture Maps.app/Scripture Maps";
			};
			name = Debug;
		};
		261AB1AD1A110E1D00BA9F55 /* Release */ = {
			isa = XCBuildConfiguration;
			buildSettings = {
				BUNDLE_LOADER = "$(TEST_HOST)";
				FRAMEWORK_SEARCH_PATHS = (
					"$(SDKROOT)/Developer/Library/Frameworks",
					"$(inherited)",
				);
				INFOPLIST_FILE = "Scripture MapsTests/Info.plist";
				LD_RUNPATH_SEARCH_PATHS = "$(inherited) @executable_path/Frameworks @loader_path/Frameworks";
				PRODUCT_NAME = "$(TARGET_NAME)";
				TEST_HOST = "$(BUILT_PRODUCTS_DIR)/Scripture Maps.app/Scripture Maps";
			};
			name = Release;
		};
/* End XCBuildConfiguration section */

/* Begin XCConfigurationList section */
		261AB1821A110E1D00BA9F55 /* Build configuration list for PBXProject "Scripture Maps" */ = {
			isa = XCConfigurationList;
			buildConfigurations = (
				261AB1A61A110E1D00BA9F55 /* Debug */,
				261AB1A71A110E1D00BA9F55 /* Release */,
			);
			defaultConfigurationIsVisible = 0;
			defaultConfigurationName = Release;
		};
		261AB1A81A110E1D00BA9F55 /* Build configuration list for PBXNativeTarget "Scripture Maps" */ = {
			isa = XCConfigurationList;
			buildConfigurations = (
				261AB1A91A110E1D00BA9F55 /* Debug */,
				261AB1AA1A110E1D00BA9F55 /* Release */,
			);
			defaultConfigurationIsVisible = 0;
		};
		261AB1AB1A110E1D00BA9F55 /* Build configuration list for PBXNativeTarget "Scripture MapsTests" */ = {
			isa = XCConfigurationList;
			buildConfigurations = (
				261AB1AC1A110E1D00BA9F55 /* Debug */,
				261AB1AD1A110E1D00BA9F55 /* Release */,
			);
			defaultConfigurationIsVisible = 0;
		};
/* End XCConfigurationList section */
	};
	rootObject = 261AB17F1A110E1D00BA9F55 /* Project object */;
}
